
Microsoft Visual Studio Solution File, Format Version 12.00
# Visual Studio 14
VisualStudioVersion = 14.0.25420.1
MinimumVisualStudioVersion = 10.0.40219.1
Project("{FAE04EC0-301F-11D3-BF4B-00C04F79EFBC}") = "TesteDrive.Android", "TesteDrive\TesteDrive.Android\TesteDrive.Android.csproj", "{A5883DD6-2F98-4D8B-9F06-AB252EFBC603}"
EndProject
Project("{FAE04EC0-301F-11D3-BF4B-00C04F79EFBC}") = "TesteDrive", "TesteDrive\TesteDrive\TesteDrive.csproj", "{3DA6E92A-6C0B-4F4A-B7CF-2AACE6EF0CED}"
EndProject
Project("{FAE04EC0-301F-11D3-BF4B-00C04F79EFBC}") = "TesteDrive.UWP", "TesteDrive\TesteDrive.UWP\TesteDrive.UWP.csproj", "{FB3CDC52-3D49-492D-A1A4-6CBD0178E8EF}"
EndProject
Project("{FAE04EC0-301F-11D3-BF4B-00C04F79EFBC}") = "TesteDrive.iOS", "TesteDrive\TesteDrive.iOS\TesteDrive.iOS.csproj", "{6A591833-6C2E-4C26-8E1A-277FC998473D}"
EndProject
Global
	GlobalSection(SolutionConfigurationPlatforms) = preSolution
		Ad-Hoc|Any CPU = Ad-Hoc|Any CPU
		Ad-Hoc|ARM = Ad-Hoc|ARM
		Ad-Hoc|iPhone = Ad-Hoc|iPhone
		Ad-Hoc|iPhoneSimulator = Ad-Hoc|iPhoneSimulator
		Ad-Hoc|x64 = Ad-Hoc|x64
		Ad-Hoc|x86 = Ad-Hoc|x86
		AppStore|Any CPU = AppStore|Any CPU
		AppStore|ARM = AppStore|ARM
		AppStore|iPhone = AppStore|iPhone
		AppStore|iPhoneSimulator = AppStore|iPhoneSimulator
		AppStore|x64 = AppStore|x64
		AppStore|x86 = AppStore|x86
		Debug|Any CPU = Debug|Any CPU
		Debug|ARM = Debug|ARM
		Debug|iPhone = Debug|iPhone
		Debug|iPhoneSimulator = Debug|iPhoneSimulator
		Debug|x64 = Debug|x64
		Debug|x86 = Debug|x86
		Release|Any CPU = Release|Any CPU
		Release|ARM = Release|ARM
		Release|iPhone = Release|iPhone
		Release|iPhoneSimulator = Release|iPhoneSimulator
		Release|x64 = Release|x64
		Release|x86 = Release|x86
	EndGlobalSection
	GlobalSection(ProjectConfigurationPlatforms) = postSolution
		{A5883DD6-2F98-4D8B-9F06-AB252EFBC603}.Ad-Hoc|Any CPU.ActiveCfg = Release|Any CPU
		{A5883DD6-2F98-4D8B-9F06-AB252EFBC603}.Ad-Hoc|Any CPU.Build.0 = Release|Any CPU
		{A5883DD6-2F98-4D8B-9F06-AB252EFBC603}.Ad-Hoc|Any CPU.Deploy.0 = Release|Any CPU
		{A5883DD6-2F98-4D8B-9F06-AB252EFBC603}.Ad-Hoc|ARM.ActiveCfg = Release|Any CPU
		{A5883DD6-2F98-4D8B-9F06-AB252EFBC603}.Ad-Hoc|ARM.Build.0 = Release|Any CPU
		{A5883DD6-2F98-4D8B-9F06-AB252EFBC603}.Ad-Hoc|ARM.Deploy.0 = Release|Any CPU
		{A5883DD6-2F98-4D8B-9F06-AB252EFBC603}.Ad-Hoc|iPhone.ActiveCfg = Release|Any CPU
		{A5883DD6-2F98-4D8B-9F06-AB252EFBC603}.Ad-Hoc|iPhone.Build.0 = Release|Any CPU
		{A5883DD6-2F98-4D8B-9F06-AB252EFBC603}.Ad-Hoc|iPhone.Deploy.0 = Release|Any CPU
		{A5883DD6-2F98-4D8B-9F06-AB252EFBC603}.Ad-Hoc|iPhoneSimulator.ActiveCfg = Release|Any CPU
		{A5883DD6-2F98-4D8B-9F06-AB252EFBC603}.Ad-Hoc|iPhoneSimulator.Build.0 = Release|Any CPU
		{A5883DD6-2F98-4D8B-9F06-AB252EFBC603}.Ad-Hoc|iPhoneSimulator.Deploy.0 = Release|Any CPU
		{A5883DD6-2F98-4D8B-9F06-AB252EFBC603}.Ad-Hoc|x64.ActiveCfg = Release|Any CPU
		{A5883DD6-2F98-4D8B-9F06-AB252EFBC603}.Ad-Hoc|x64.Build.0 = Release|Any CPU
		{A5883DD6-2F98-4D8B-9F06-AB252EFBC603}.Ad-Hoc|x64.Deploy.0 = Release|Any CPU
		{A5883DD6-2F98-4D8B-9F06-AB252EFBC603}.Ad-Hoc|x86.ActiveCfg = Release|Any CPU
		{A5883DD6-2F98-4D8B-9F06-AB252EFBC603}.Ad-Hoc|x86.Build.0 = Release|Any CPU
		{A5883DD6-2F98-4D8B-9F06-AB252EFBC603}.Ad-Hoc|x86.Deploy.0 = Release|Any CPU
		{A5883DD6-2F98-4D8B-9F06-AB252EFBC603}.AppStore|Any CPU.ActiveCfg = Release|Any CPU
		{A5883DD6-2F98-4D8B-9F06-AB252EFBC603}.AppStore|Any CPU.Build.0 = Release|Any CPU
		{A5883DD6-2F98-4D8B-9F06-AB252EFBC603}.AppStore|Any CPU.Deploy.0 = Release|Any CPU
		{A5883DD6-2F98-4D8B-9F06-AB252EFBC603}.AppStore|ARM.ActiveCfg = Release|Any CPU
		{A5883DD6-2F98-4D8B-9F06-AB252EFBC603}.AppStore|ARM.Build.0 = Release|Any CPU
		{A5883DD6-2F98-4D8B-9F06-AB252EFBC603}.AppStore|ARM.Deploy.0 = Release|Any CPU
		{A5883DD6-2F98-4D8B-9F06-AB252EFBC603}.AppStore|iPhone.ActiveCfg = Release|Any CPU
		{A5883DD6-2F98-4D8B-9F06-AB252EFBC603}.AppStore|iPhone.Build.0 = Release|Any CPU
		{A5883DD6-2F98-4D8B-9F06-AB252EFBC603}.AppStore|iPhone.Deploy.0 = Release|Any CPU
		{A5883DD6-2F98-4D8B-9F06-AB252EFBC603}.AppStore|iPhoneSimulator.ActiveCfg = Release|Any CPU
		{A5883DD6-2F98-4D8B-9F06-AB252EFBC603}.AppStore|iPhoneSimulator.Build.0 = Release|Any CPU
		{A5883DD6-2F98-4D8B-9F06-AB252EFBC603}.AppStore|iPhoneSimulator.Deploy.0 = Release|Any CPU
		{A5883DD6-2F98-4D8B-9F06-AB252EFBC603}.AppStore|x64.ActiveCfg = Release|Any CPU
		{A5883DD6-2F98-4D8B-9F06-AB252EFBC603}.AppStore|x64.Build.0 = Release|Any CPU
		{A5883DD6-2F98-4D8B-9F06-AB252EFBC603}.AppStore|x64.Deploy.0 = Release|Any CPU
		{A5883DD6-2F98-4D8B-9F06-AB252EFBC603}.AppStore|x86.ActiveCfg = Release|Any CPU
		{A5883DD6-2F98-4D8B-9F06-AB252EFBC603}.AppStore|x86.Build.0 = Release|Any CPU
		{A5883DD6-2F98-4D8B-9F06-AB252EFBC603}.AppStore|x86.Deploy.0 = Release|Any CPU
		{A5883DD6-2F98-4D8B-9F06-AB252EFBC603}.Debug|Any CPU.ActiveCfg = Debug|Any CPU
		{A5883DD6-2F98-4D8B-9F06-AB252EFBC603}.Debug|Any CPU.Build.0 = Debug|Any CPU
		{A5883DD6-2F98-4D8B-9F06-AB252EFBC603}.Debug|Any CPU.Deploy.0 = Debug|Any CPU
		{A5883DD6-2F98-4D8B-9F06-AB252EFBC603}.Debug|ARM.ActiveCfg = Debug|Any CPU
		{A5883DD6-2F98-4D8B-9F06-AB252EFBC603}.Debug|ARM.Build.0 = Debug|Any CPU
		{A5883DD6-2F98-4D8B-9F06-AB252EFBC603}.Debug|ARM.Deploy.0 = Debug|Any CPU
		{A5883DD6-2F98-4D8B-9F06-AB252EFBC603}.Debug|iPhone.ActiveCfg = Debug|Any CPU
		{A5883DD6-2F98-4D8B-9F06-AB252EFBC603}.Debug|iPhone.Build.0 = Debug|Any CPU
		{A5883DD6-2F98-4D8B-9F06-AB252EFBC603}.Debug|iPhone.Deploy.0 = Debug|Any CPU
		{A5883DD6-2F98-4D8B-9F06-AB252EFBC603}.Debug|iPhoneSimulator.ActiveCfg = Debug|Any CPU
		{A5883DD6-2F98-4D8B-9F06-AB252EFBC603}.Debug|iPhoneSimulator.Build.0 = Debug|Any CPU
		{A5883DD6-2F98-4D8B-9F06-AB252EFBC603}.Debug|iPhoneSimulator.Deploy.0 = Debug|Any CPU
		{A5883DD6-2F98-4D8B-9F06-AB252EFBC603}.Debug|x64.ActiveCfg = Debug|Any CPU
		{A5883DD6-2F98-4D8B-9F06-AB252EFBC603}.Debug|x64.Build.0 = Debug|Any CPU
		{A5883DD6-2F98-4D8B-9F06-AB252EFBC603}.Debug|x64.Deploy.0 = Debug|Any CPU
		{A5883DD6-2F98-4D8B-9F06-AB252EFBC603}.Debug|x86.ActiveCfg = Debug|Any CPU
		{A5883DD6-2F98-4D8B-9F06-AB252EFBC603}.Debug|x86.Build.0 = Debug|Any CPU
		{A5883DD6-2F98-4D8B-9F06-AB252EFBC603}.Debug|x86.Deploy.0 = Debug|Any CPU
		{A5883DD6-2F98-4D8B-9F06-AB252EFBC603}.Release|Any CPU.ActiveCfg = Release|Any CPU
		{A5883DD6-2F98-4D8B-9F06-AB252EFBC603}.Release|Any CPU.Build.0 = Release|Any CPU
		{A5883DD6-2F98-4D8B-9F06-AB252EFBC603}.Release|Any CPU.Deploy.0 = Release|Any CPU
		{A5883DD6-2F98-4D8B-9F06-AB252EFBC603}.Release|ARM.ActiveCfg = Release|Any CPU
		{A5883DD6-2F98-4D8B-9F06-AB252EFBC603}.Release|ARM.Build.0 = Release|Any CPU
		{A5883DD6-2F98-4D8B-9F06-AB252EFBC603}.Release|ARM.Deploy.0 = Release|Any CPU
		{A5883DD6-2F98-4D8B-9F06-AB252EFBC603}.Release|iPhone.ActiveCfg = Release|Any CPU
		{A5883DD6-2F98-4D8B-9F06-AB252EFBC603}.Release|iPhone.Build.0 = Release|Any CPU
		{A5883DD6-2F98-4D8B-9F06-AB252EFBC603}.Release|iPhone.Deploy.0 = Release|Any CPU
		{A5883DD6-2F98-4D8B-9F06-AB252EFBC603}.Release|iPhoneSimulator.ActiveCfg = Release|Any CPU
		{A5883DD6-2F98-4D8B-9F06-AB252EFBC603}.Release|iPhoneSimulator.Build.0 = Release|Any CPU
		{A5883DD6-2F98-4D8B-9F06-AB252EFBC603}.Release|iPhoneSimulator.Deploy.0 = Release|Any CPU
		{A5883DD6-2F98-4D8B-9F06-AB252EFBC603}.Release|x64.ActiveCfg = Release|Any CPU
		{A5883DD6-2F98-4D8B-9F06-AB252EFBC603}.Release|x64.Build.0 = Release|Any CPU
		{A5883DD6-2F98-4D8B-9F06-AB252EFBC603}.Release|x64.Deploy.0 = Release|Any CPU
		{A5883DD6-2F98-4D8B-9F06-AB252EFBC603}.Release|x86.ActiveCfg = Release|Any CPU
		{A5883DD6-2F98-4D8B-9F06-AB252EFBC603}.Release|x86.Build.0 = Release|Any CPU
		{A5883DD6-2F98-4D8B-9F06-AB252EFBC603}.Release|x86.Deploy.0 = Release|Any CPU
		{3DA6E92A-6C0B-4F4A-B7CF-2AACE6EF0CED}.Ad-Hoc|Any CPU.ActiveCfg = Release|Any CPU
		{3DA6E92A-6C0B-4F4A-B7CF-2AACE6EF0CED}.Ad-Hoc|Any CPU.Build.0 = Release|Any CPU
		{3DA6E92A-6C0B-4F4A-B7CF-2AACE6EF0CED}.Ad-Hoc|ARM.ActiveCfg = Release|Any CPU
		{3DA6E92A-6C0B-4F4A-B7CF-2AACE6EF0CED}.Ad-Hoc|ARM.Build.0 = Release|Any CPU
		{3DA6E92A-6C0B-4F4A-B7CF-2AACE6EF0CED}.Ad-Hoc|iPhone.ActiveCfg = Release|Any CPU
		{3DA6E92A-6C0B-4F4A-B7CF-2AACE6EF0CED}.Ad-Hoc|iPhone.Build.0 = Release|Any CPU
		{3DA6E92A-6C0B-4F4A-B7CF-2AACE6EF0CED}.Ad-Hoc|iPhoneSimulator.ActiveCfg = Release|Any CPU
		{3DA6E92A-6C0B-4F4A-B7CF-2AACE6EF0CED}.Ad-Hoc|iPhoneSimulator.Build.0 = Release|Any CPU
		{3DA6E92A-6C0B-4F4A-B7CF-2AACE6EF0CED}.Ad-Hoc|x64.ActiveCfg = Release|Any CPU
		{3DA6E92A-6C0B-4F4A-B7CF-2AACE6EF0CED}.Ad-Hoc|x64.Build.0 = Release|Any CPU
		{3DA6E92A-6C0B-4F4A-B7CF-2AACE6EF0CED}.Ad-Hoc|x86.ActiveCfg = Release|Any CPU
		{3DA6E92A-6C0B-4F4A-B7CF-2AACE6EF0CED}.Ad-Hoc|x86.Build.0 = Release|Any CPU
		{3DA6E92A-6C0B-4F4A-B7CF-2AACE6EF0CED}.AppStore|Any CPU.ActiveCfg = Release|Any CPU
		{3DA6E92A-6C0B-4F4A-B7CF-2AACE6EF0CED}.AppStore|Any CPU.Build.0 = Release|Any CPU
		{3DA6E92A-6C0B-4F4A-B7CF-2AACE6EF0CED}.AppStore|ARM.ActiveCfg = Release|Any CPU
		{3DA6E92A-6C0B-4F4A-B7CF-2AACE6EF0CED}.AppStore|ARM.Build.0 = Release|Any CPU
		{3DA6E92A-6C0B-4F4A-B7CF-2AACE6EF0CED}.AppStore|iPhone.ActiveCfg = Release|Any CPU
		{3DA6E92A-6C0B-4F4A-B7CF-2AACE6EF0CED}.AppStore|iPhone.Build.0 = Release|Any CPU
		{3DA6E92A-6C0B-4F4A-B7CF-2AACE6EF0CED}.AppStore|iPhoneSimulator.ActiveCfg = Release|Any CPU
		{3DA6E92A-6C0B-4F4A-B7CF-2AACE6EF0CED}.AppStore|iPhoneSimulator.Build.0 = Release|Any CPU
		{3DA6E92A-6C0B-4F4A-B7CF-2AACE6EF0CED}.AppStore|x64.ActiveCfg = Release|Any CPU
		{3DA6E92A-6C0B-4F4A-B7CF-2AACE6EF0CED}.AppStore|x64.Build.0 = Release|Any CPU
		{3DA6E92A-6C0B-4F4A-B7CF-2AACE6EF0CED}.AppStore|x86.ActiveCfg = Release|Any CPU
		{3DA6E92A-6C0B-4F4A-B7CF-2AACE6EF0CED}.AppStore|x86.Build.0 = Release|Any CPU
		{3DA6E92A-6C0B-4F4A-B7CF-2AACE6EF0CED}.Debug|Any CPU.ActiveCfg = Debug|Any CPU
		{3DA6E92A-6C0B-4F4A-B7CF-2AACE6EF0CED}.Debug|Any CPU.Build.0 = Debug|Any CPU
		{3DA6E92A-6C0B-4F4A-B7CF-2AACE6EF0CED}.Debug|ARM.ActiveCfg = Debug|Any CPU
		{3DA6E92A-6C0B-4F4A-B7CF-2AACE6EF0CED}.Debug|ARM.Build.0 = Debug|Any CPU
		{3DA6E92A-6C0B-4F4A-B7CF-2AACE6EF0CED}.Debug|iPhone.ActiveCfg = Debug|Any CPU
		{3DA6E92A-6C0B-4F4A-B7CF-2AACE6EF0CED}.Debug|iPhone.Build.0 = Debug|Any CPU
		{3DA6E92A-6C0B-4F4A-B7CF-2AACE6EF0CED}.Debug|iPhoneSimulator.ActiveCfg = Debug|Any CPU
		{3DA6E92A-6C0B-4F4A-B7CF-2AACE6EF0CED}.Debug|iPhoneSimulator.Build.0 = Debug|Any CPU
		{3DA6E92A-6C0B-4F4A-B7CF-2AACE6EF0CED}.Debug|x64.ActiveCfg = Debug|Any CPU
		{3DA6E92A-6C0B-4F4A-B7CF-2AACE6EF0CED}.Debug|x64.Build.0 = Debug|Any CPU
		{3DA6E92A-6C0B-4F4A-B7CF-2AACE6EF0CED}.Debug|x86.ActiveCfg = Debug|Any CPU
		{3DA6E92A-6C0B-4F4A-B7CF-2AACE6EF0CED}.Debug|x86.Build.0 = Debug|Any CPU
		{3DA6E92A-6C0B-4F4A-B7CF-2AACE6EF0CED}.Release|Any CPU.ActiveCfg = Release|Any CPU
		{3DA6E92A-6C0B-4F4A-B7CF-2AACE6EF0CED}.Release|Any CPU.Build.0 = Release|Any CPU
		{3DA6E92A-6C0B-4F4A-B7CF-2AACE6EF0CED}.Release|ARM.ActiveCfg = Release|Any CPU
		{3DA6E92A-6C0B-4F4A-B7CF-2AACE6EF0CED}.Release|ARM.Build.0 = Release|Any CPU
		{3DA6E92A-6C0B-4F4A-B7CF-2AACE6EF0CED}.Release|iPhone.ActiveCfg = Release|Any CPU
		{3DA6E92A-6C0B-4F4A-B7CF-2AACE6EF0CED}.Release|iPhone.Build.0 = Release|Any CPU
		{3DA6E92A-6C0B-4F4A-B7CF-2AACE6EF0CED}.Release|iPhoneSimulator.ActiveCfg = Release|Any CPU
		{3DA6E92A-6C0B-4F4A-B7CF-2AACE6EF0CED}.Release|iPhoneSimulator.Build.0 = Release|Any CPU
		{3DA6E92A-6C0B-4F4A-B7CF-2AACE6EF0CED}.Release|x64.ActiveCfg = Release|Any CPU
		{3DA6E92A-6C0B-4F4A-B7CF-2AACE6EF0CED}.Release|x64.Build.0 = Release|Any CPU
		{3DA6E92A-6C0B-4F4A-B7CF-2AACE6EF0CED}.Release|x86.ActiveCfg = Release|Any CPU
		{3DA6E92A-6C0B-4F4A-B7CF-2AACE6EF0CED}.Release|x86.Build.0 = Release|Any CPU
		{FB3CDC52-3D49-492D-A1A4-6CBD0178E8EF}.Ad-Hoc|Any CPU.ActiveCfg = Release|x86
		{FB3CDC52-3D49-492D-A1A4-6CBD0178E8EF}.Ad-Hoc|Any CPU.Build.0 = Release|x86
		{FB3CDC52-3D49-492D-A1A4-6CBD0178E8EF}.Ad-Hoc|Any CPU.Deploy.0 = Release|x86
		{FB3CDC52-3D49-492D-A1A4-6CBD0178E8EF}.Ad-Hoc|ARM.ActiveCfg = Release|ARM
		{FB3CDC52-3D49-492D-A1A4-6CBD0178E8EF}.Ad-Hoc|ARM.Build.0 = Release|ARM
		{FB3CDC52-3D49-492D-A1A4-6CBD0178E8EF}.Ad-Hoc|ARM.Deploy.0 = Release|ARM
		{FB3CDC52-3D49-492D-A1A4-6CBD0178E8EF}.Ad-Hoc|iPhone.ActiveCfg = Release|x86
		{FB3CDC52-3D49-492D-A1A4-6CBD0178E8EF}.Ad-Hoc|iPhone.Build.0 = Release|x86
		{FB3CDC52-3D49-492D-A1A4-6CBD0178E8EF}.Ad-Hoc|iPhone.Deploy.0 = Release|x86
		{FB3CDC52-3D49-492D-A1A4-6CBD0178E8EF}.Ad-Hoc|iPhoneSimulator.ActiveCfg = Release|x86
		{FB3CDC52-3D49-492D-A1A4-6CBD0178E8EF}.Ad-Hoc|iPhoneSimulator.Build.0 = Release|x86
		{FB3CDC52-3D49-492D-A1A4-6CBD0178E8EF}.Ad-Hoc|iPhoneSimulator.Deploy.0 = Release|x86
		{FB3CDC52-3D49-492D-A1A4-6CBD0178E8EF}.Ad-Hoc|x64.ActiveCfg = Release|x64
		{FB3CDC52-3D49-492D-A1A4-6CBD0178E8EF}.Ad-Hoc|x64.Build.0 = Release|x64
		{FB3CDC52-3D49-492D-A1A4-6CBD0178E8EF}.Ad-Hoc|x64.Deploy.0 = Release|x64
		{FB3CDC52-3D49-492D-A1A4-6CBD0178E8EF}.Ad-Hoc|x86.ActiveCfg = Release|x86
		{FB3CDC52-3D49-492D-A1A4-6CBD0178E8EF}.Ad-Hoc|x86.Build.0 = Release|x86
		{FB3CDC52-3D49-492D-A1A4-6CBD0178E8EF}.Ad-Hoc|x86.Deploy.0 = Release|x86
		{FB3CDC52-3D49-492D-A1A4-6CBD0178E8EF}.AppStore|Any CPU.ActiveCfg = Release|x86
		{FB3CDC52-3D49-492D-A1A4-6CBD0178E8EF}.AppStore|Any CPU.Build.0 = Release|x86
		{FB3CDC52-3D49-492D-A1A4-6CBD0178E8EF}.AppStore|Any CPU.Deploy.0 = Release|x86
		{FB3CDC52-3D49-492D-A1A4-6CBD0178E8EF}.AppStore|ARM.ActiveCfg = Release|ARM
		{FB3CDC52-3D49-492D-A1A4-6CBD0178E8EF}.AppStore|ARM.Build.0 = Release|ARM
		{FB3CDC52-3D49-492D-A1A4-6CBD0178E8EF}.AppStore|ARM.Deploy.0 = Release|ARM
		{FB3CDC52-3D49-492D-A1A4-6CBD0178E8EF}.AppStore|iPhone.ActiveCfg = Release|x86
		{FB3CDC52-3D49-492D-A1A4-6CBD0178E8EF}.AppStore|iPhone.Build.0 = Release|x86
		{FB3CDC52-3D49-492D-A1A4-6CBD0178E8EF}.AppStore|iPhone.Deploy.0 = Release|x86
		{FB3CDC52-3D49-492D-A1A4-6CBD0178E8EF}.AppStore|iPhoneSimulator.ActiveCfg = Release|x86
		{FB3CDC52-3D49-492D-A1A4-6CBD0178E8EF}.AppStore|iPhoneSimulator.Build.0 = Release|x86
		{FB3CDC52-3D49-492D-A1A4-6CBD0178E8EF}.AppStore|iPhoneSimulator.Deploy.0 = Release|x86
		{FB3CDC52-3D49-492D-A1A4-6CBD0178E8EF}.AppStore|x64.ActiveCfg = Release|x64
		{FB3CDC52-3D49-492D-A1A4-6CBD0178E8EF}.AppStore|x64.Build.0 = Release|x64
		{FB3CDC52-3D49-492D-A1A4-6CBD0178E8EF}.AppStore|x64.Deploy.0 = Release|x64
		{FB3CDC52-3D49-492D-A1A4-6CBD0178E8EF}.AppStore|x86.ActiveCfg = Release|x86
		{FB3CDC52-3D49-492D-A1A4-6CBD0178E8EF}.AppStore|x86.Build.0 = Release|x86
		{FB3CDC52-3D49-492D-A1A4-6CBD0178E8EF}.AppStore|x86.Deploy.0 = Release|x86
		{FB3CDC52-3D49-492D-A1A4-6CBD0178E8EF}.Debug|Any CPU.ActiveCfg = Debug|x86
		{FB3CDC52-3D49-492D-A1A4-6CBD0178E8EF}.Debug|ARM.ActiveCfg = Debug|ARM
		{FB3CDC52-3D49-492D-A1A4-6CBD0178E8EF}.Debug|ARM.Build.0 = Debug|ARM
		{FB3CDC52-3D49-492D-A1A4-6CBD0178E8EF}.Debug|ARM.Deploy.0 = Debug|ARM
		{FB3CDC52-3D49-492D-A1A4-6CBD0178E8EF}.Debug|iPhone.ActiveCfg = Debug|x86
		{FB3CDC52-3D49-492D-A1A4-6CBD0178E8EF}.Debug|iPhoneSimulator.ActiveCfg = Debug|x86
		{FB3CDC52-3D49-492D-A1A4-6CBD0178E8EF}.Debug|x64.ActiveCfg = Debug|x64
		{FB3CDC52-3D49-492D-A1A4-6CBD0178E8EF}.Debug|x64.Build.0 = Debug|x64
		{FB3CDC52-3D49-492D-A1A4-6CBD0178E8EF}.Debug|x64.Deploy.0 = Debug|x64
		{FB3CDC52-3D49-492D-A1A4-6CBD0178E8EF}.Debug|x86.ActiveCfg = Debug|x86
		{FB3CDC52-3D49-492D-A1A4-6CBD0178E8EF}.Debug|x86.Build.0 = Debug|x86
		{FB3CDC52-3D49-492D-A1A4-6CBD0178E8EF}.Debug|x86.Deploy.0 = Debug|x86
		{FB3CDC52-3D49-492D-A1A4-6CBD0178E8EF}.Release|Any CPU.ActiveCfg = Release|x86
		{FB3CDC52-3D49-492D-A1A4-6CBD0178E8EF}.Release|ARM.ActiveCfg = Release|ARM
		{FB3CDC52-3D49-492D-A1A4-6CBD0178E8EF}.Release|ARM.Build.0 = Release|ARM
		{FB3CDC52-3D49-492D-A1A4-6CBD0178E8EF}.Release|ARM.Deploy.0 = Release|ARM
		{FB3CDC52-3D49-492D-A1A4-6CBD0178E8EF}.Release|iPhone.ActiveCfg = Release|x86
		{FB3CDC52-3D49-492D-A1A4-6CBD0178E8EF}.Release|iPhoneSimulator.ActiveCfg = Release|x86
		{FB3CDC52-3D49-492D-A1A4-6CBD0178E8EF}.Release|x64.ActiveCfg = Release|x64
		{FB3CDC52-3D49-492D-A1A4-6CBD0178E8EF}.Release|x64.Build.0 = Release|x64
		{FB3CDC52-3D49-492D-A1A4-6CBD0178E8EF}.Release|x64.Deploy.0 = Release|x64
		{FB3CDC52-3D49-492D-A1A4-6CBD0178E8EF}.Release|x86.ActiveCfg = Release|x86
		{FB3CDC52-3D49-492D-A1A4-6CBD0178E8EF}.Release|x86.Build.0 = Release|x86
		{FB3CDC52-3D49-492D-A1A4-6CBD0178E8EF}.Release|x86.Deploy.0 = Release|x86
		{6A591833-6C2E-4C26-8E1A-277FC998473D}.Ad-Hoc|Any CPU.ActiveCfg = Ad-Hoc|iPhoneSimulator
		{6A591833-6C2E-4C26-8E1A-277FC998473D}.Ad-Hoc|ARM.ActiveCfg = Ad-Hoc|iPhone
		{6A591833-6C2E-4C26-8E1A-277FC998473D}.Ad-Hoc|iPhone.ActiveCfg = Ad-Hoc|iPhone
		{6A591833-6C2E-4C26-8E1A-277FC998473D}.Ad-Hoc|iPhone.Build.0 = Ad-Hoc|iPhone
		{6A591833-6C2E-4C26-8E1A-277FC998473D}.Ad-Hoc|iPhoneSimulator.ActiveCfg = Ad-Hoc|iPhoneSimulator
		{6A591833-6C2E-4C26-8E1A-277FC998473D}.Ad-Hoc|iPhoneSimulator.Build.0 = Ad-Hoc|iPhoneSimulator
		{6A591833-6C2E-4C26-8E1A-277FC998473D}.Ad-Hoc|x64.ActiveCfg = Ad-Hoc|iPhone
		{6A591833-6C2E-4C26-8E1A-277FC998473D}.Ad-Hoc|x86.ActiveCfg = Ad-Hoc|iPhone
		{6A591833-6C2E-4C26-8E1A-277FC998473D}.AppStore|Any CPU.ActiveCfg = AppStore|iPhoneSimulator
		{6A591833-6C2E-4C26-8E1A-277FC998473D}.AppStore|ARM.ActiveCfg = AppStore|iPhone
		{6A591833-6C2E-4C26-8E1A-277FC998473D}.AppStore|iPhone.ActiveCfg = AppStore|iPhone
		{6A591833-6C2E-4C26-8E1A-277FC998473D}.AppStore|iPhone.Build.0 = AppStore|iPhone
		{6A591833-6C2E-4C26-8E1A-277FC998473D}.AppStore|iPhoneSimulator.ActiveCfg = AppStore|iPhoneSimulator
		{6A591833-6C2E-4C26-8E1A-277FC998473D}.AppStore|iPhoneSimulator.Build.0 = AppStore|iPhoneSimulator
		{6A591833-6C2E-4C26-8E1A-277FC998473D}.AppStore|x64.ActiveCfg = AppStore|iPhone
		{6A591833-6C2E-4C26-8E1A-277FC998473D}.AppStore|x86.ActiveCfg = AppStore|iPhone
		{6A591833-6C2E-4C26-8E1A-277FC998473D}.Debug|Any CPU.ActiveCfg = Debug|iPhoneSimulator
		{6A591833-6C2E-4C26-8E1A-277FC998473D}.Debug|ARM.ActiveCfg = Debug|iPhone
		{6A591833-6C2E-4C26-8E1A-277FC998473D}.Debug|iPhone.ActiveCfg = Debug|iPhone
		{6A591833-6C2E-4C26-8E1A-277FC998473D}.Debug|iPhone.Build.0 = Debug|iPhone
		{6A591833-6C2E-4C26-8E1A-277FC998473D}.Debug|iPhoneSimulator.ActiveCfg = Debug|iPhoneSimulator
		{6A591833-6C2E-4C26-8E1A-277FC998473D}.Debug|iPhoneSimulator.Build.0 = Debug|iPhoneSimulator
		{6A591833-6C2E-4C26-8E1A-277FC998473D}.Debug|x64.ActiveCfg = Debug|iPhone
		{6A591833-6C2E-4C26-8E1A-277FC998473D}.Debug|x86.ActiveCfg = Debug|iPhone
		{6A591833-6C2E-4C26-8E1A-277FC998473D}.Release|Any CPU.ActiveCfg = Release|iPhoneSimulator
		{6A591833-6C2E-4C26-8E1A-277FC998473D}.Release|ARM.ActiveCfg = Release|iPhone
		{6A591833-6C2E-4C26-8E1A-277FC998473D}.Release|iPhone.ActiveCfg = Release|iPhone
		{6A591833-6C2E-4C26-8E1A-277FC998473D}.Release|iPhone.Build.0 = Release|iPhone
		{6A591833-6C2E-4C26-8E1A-277FC998473D}.Release|iPhoneSimulator.ActiveCfg = Release|iPhoneSimulator
		{6A591833-6C2E-4C26-8E1A-277FC998473D}.Release|iPhoneSimulator.Build.0 = Release|iPhoneSimulator
		{6A591833-6C2E-4C26-8E1A-277FC998473D}.Release|x64.ActiveCfg = Release|iPhone
		{6A591833-6C2E-4C26-8E1A-277FC998473D}.Release|x86.ActiveCfg = Release|iPhone
	EndGlobalSection
	GlobalSection(SolutionProperties) = preSolution
		HideSolutionNode = FALSE
	EndGlobalSection
EndGlobal
